
Microsoft Visual Studio Solution File, Format Version 11.00
# Visual Studio 2010
Project("{FAE04EC0-301F-11D3-BF4B-00C04F79EFBC}") = "tcpclient", "tcpclient.csproj", "{8352EE23-4A1A-46F5-9128-A3705A8F121C}"
EndProject
Global
	GlobalSection(SolutionConfigurationPlatforms) = preSolution
		Debug|x86 = Debug|x86
		Release|x86 = Release|x86
	EndGlobalSection
	GlobalSection(ProjectConfigurationPlatforms) = postSolution
		{8352EE23-4A1A-46F5-9128-A3705A8F121C}.Debug|x86.ActiveCfg = Debug|x86
		{8352EE23-4A1A-46F5-9128-A3705A8F121C}.Debug|x86.Build.0 = Debug|x86
		{8352EE23-4A1A-46F5-9128-A3705A8F121C}.Release|x86.ActiveCfg = Release|x86
		{8352EE23-4A1A-46F5-9128-A3705A8F121C}.Release|x86.Build.0 = Release|x86
	EndGlobalSection
	GlobalSection(SolutionProperties) = preSolution
		HideSolutionNode = FALSE
	EndGlobalSection
EndGlobal
